
Microsoft Visual Studio Solution File, Format Version 12.00
# Visual Studio Version 17
VisualStudioVersion = 17.7.34024.191
MinimumVisualStudioVersion = 10.0.40219.1
Project("{FAE04EC0-301F-11D3-BF4B-00C04F79EFBC}") = "AlgorithmsRegularExam", "AlgorithmsRegularExam\AlgorithmsRegularExam.csproj", "{2231AE3A-8136-41EA-AD3E-1625A4C1D2DB}"
EndProject
Global
	GlobalSection(SolutionConfigurationPlatforms) = preSolution
		Debug|Any CPU = Debug|Any CPU
		Release|Any CPU = Release|Any CPU
	EndGlobalSection
	GlobalSection(ProjectConfigurationPlatforms) = postSolution
		{2231AE3A-8136-41EA-AD3E-1625A4C1D2DB}.Debug|Any CPU.ActiveCfg = Debug|Any CPU
		{2231AE3A-8136-41EA-AD3E-1625A4C1D2DB}.Debug|Any CPU.Build.0 = Debug|Any CPU
		{2231AE3A-8136-41EA-AD3E-1625A4C1D2DB}.Release|Any CPU.ActiveCfg = Release|Any CPU
		{2231AE3A-8136-41EA-AD3E-1625A4C1D2DB}.Release|Any CPU.Build.0 = Release|Any CPU
	EndGlobalSection
	GlobalSection(SolutionProperties) = preSolution
		HideSolutionNode = FALSE
	EndGlobalSection
	GlobalSection(ExtensibilityGlobals) = postSolution
		SolutionGuid = {CC22C9B7-FD38-4FEF-A57C-CCC597FD763F}
	EndGlobalSection
EndGlobal
